
Microsoft Visual Studio Solution File, Format Version 12.00
# Visual Studio Version 17
VisualStudioVersion = 17.14.36401.2 d17.14
MinimumVisualStudioVersion = 10.0.40219.1
Project("{FAE04EC0-301F-11D3-BF4B-00C04F79EFBC}") = "Ejercicio 03 – ParOImpar", "Ejercicio 03 – ParOImpar\Ejercicio 03 – ParOImpar.csproj", "{C3F1C54A-9099-44EC-B467-2AAA63ABF70A}"
EndProject
Global
	GlobalSection(SolutionConfigurationPlatforms) = preSolution
		Debug|Any CPU = Debug|Any CPU
		Release|Any CPU = Release|Any CPU
	EndGlobalSection
	GlobalSection(ProjectConfigurationPlatforms) = postSolution
		{C3F1C54A-9099-44EC-B467-2AAA63ABF70A}.Debug|Any CPU.ActiveCfg = Debug|Any CPU
		{C3F1C54A-9099-44EC-B467-2AAA63ABF70A}.Debug|Any CPU.Build.0 = Debug|Any CPU
		{C3F1C54A-9099-44EC-B467-2AAA63ABF70A}.Release|Any CPU.ActiveCfg = Release|Any CPU
		{C3F1C54A-9099-44EC-B467-2AAA63ABF70A}.Release|Any CPU.Build.0 = Release|Any CPU
	EndGlobalSection
	GlobalSection(SolutionProperties) = preSolution
		HideSolutionNode = FALSE
	EndGlobalSection
	GlobalSection(ExtensibilityGlobals) = postSolution
		SolutionGuid = {58B313BA-6346-4075-B539-E884299853DC}
	EndGlobalSection
EndGlobal
