
Microsoft Visual Studio Solution File, Format Version 12.00
# Visual Studio Version 17
VisualStudioVersion = 17.14.36401.2 d17.14
MinimumVisualStudioVersion = 10.0.40219.1
Project("{FAE04EC0-301F-11D3-BF4B-00C04F79EFBC}") = "Ejercicio17_PolimorfismoAnimales", "Ejercicio17_PolimorfismoAnimales\Ejercicio17_PolimorfismoAnimales.csproj", "{535F78A0-EA8A-4BC5-9F88-0005B9EB3DAD}"
EndProject
Global
	GlobalSection(SolutionConfigurationPlatforms) = preSolution
		Debug|Any CPU = Debug|Any CPU
		Release|Any CPU = Release|Any CPU
	EndGlobalSection
	GlobalSection(ProjectConfigurationPlatforms) = postSolution
		{535F78A0-EA8A-4BC5-9F88-0005B9EB3DAD}.Debug|Any CPU.ActiveCfg = Debug|Any CPU
		{535F78A0-EA8A-4BC5-9F88-0005B9EB3DAD}.Debug|Any CPU.Build.0 = Debug|Any CPU
		{535F78A0-EA8A-4BC5-9F88-0005B9EB3DAD}.Release|Any CPU.ActiveCfg = Release|Any CPU
		{535F78A0-EA8A-4BC5-9F88-0005B9EB3DAD}.Release|Any CPU.Build.0 = Release|Any CPU
	EndGlobalSection
	GlobalSection(SolutionProperties) = preSolution
		HideSolutionNode = FALSE
	EndGlobalSection
	GlobalSection(ExtensibilityGlobals) = postSolution
		SolutionGuid = {616444AD-1C48-4D1B-9D3C-34E06CD4397F}
	EndGlobalSection
EndGlobal
