
Microsoft Visual Studio Solution File, Format Version 12.00
# Visual Studio Version 17
VisualStudioVersion = 17.14.36401.2 d17.14
MinimumVisualStudioVersion = 10.0.40219.1
Project("{FAE04EC0-301F-11D3-BF4B-00C04F79EFBC}") = "Ejercicio13_EdadYGener", "Ejercicio13_EdadYGener\Ejercicio13_EdadYGener.csproj", "{CACA654D-4100-4671-BB2C-6D41DCB17DFE}"
EndProject
Global
	GlobalSection(SolutionConfigurationPlatforms) = preSolution
		Debug|Any CPU = Debug|Any CPU
		Release|Any CPU = Release|Any CPU
	EndGlobalSection
	GlobalSection(ProjectConfigurationPlatforms) = postSolution
		{CACA654D-4100-4671-BB2C-6D41DCB17DFE}.Debug|Any CPU.ActiveCfg = Debug|Any CPU
		{CACA654D-4100-4671-BB2C-6D41DCB17DFE}.Debug|Any CPU.Build.0 = Debug|Any CPU
		{CACA654D-4100-4671-BB2C-6D41DCB17DFE}.Release|Any CPU.ActiveCfg = Release|Any CPU
		{CACA654D-4100-4671-BB2C-6D41DCB17DFE}.Release|Any CPU.Build.0 = Release|Any CPU
	EndGlobalSection
	GlobalSection(SolutionProperties) = preSolution
		HideSolutionNode = FALSE
	EndGlobalSection
	GlobalSection(ExtensibilityGlobals) = postSolution
		SolutionGuid = {31F114E0-6853-4B2F-8903-FEBA3B7C21C2}
	EndGlobalSection
EndGlobal
