
Microsoft Visual Studio Solution File, Format Version 12.00
# Visual Studio Version 17
VisualStudioVersion = 17.14.36401.2 d17.14
MinimumVisualStudioVersion = 10.0.40219.1
Project("{FAE04EC0-301F-11D3-BF4B-00C04F79EFBC}") = "Ejercicio08_PromedioAprobado", "Ejercicio08_PromedioAprobado\Ejercicio08_PromedioAprobado.csproj", "{D089EEB3-371C-4F2C-BDA6-9314F69C0895}"
EndProject
Global
	GlobalSection(SolutionConfigurationPlatforms) = preSolution
		Debug|Any CPU = Debug|Any CPU
		Release|Any CPU = Release|Any CPU
	EndGlobalSection
	GlobalSection(ProjectConfigurationPlatforms) = postSolution
		{D089EEB3-371C-4F2C-BDA6-9314F69C0895}.Debug|Any CPU.ActiveCfg = Debug|Any CPU
		{D089EEB3-371C-4F2C-BDA6-9314F69C0895}.Debug|Any CPU.Build.0 = Debug|Any CPU
		{D089EEB3-371C-4F2C-BDA6-9314F69C0895}.Release|Any CPU.ActiveCfg = Release|Any CPU
		{D089EEB3-371C-4F2C-BDA6-9314F69C0895}.Release|Any CPU.Build.0 = Release|Any CPU
	EndGlobalSection
	GlobalSection(SolutionProperties) = preSolution
		HideSolutionNode = FALSE
	EndGlobalSection
	GlobalSection(ExtensibilityGlobals) = postSolution
		SolutionGuid = {9802DDC3-0999-4953-AE52-616A6F73FC0C}
	EndGlobalSection
EndGlobal
