
Microsoft Visual Studio Solution File, Format Version 12.00
# Visual Studio Version 17
VisualStudioVersion = 17.14.36401.2 d17.14
MinimumVisualStudioVersion = 10.0.40219.1
Project("{FAE04EC0-301F-11D3-BF4B-00C04F79EFBC}") = "Ejercicio14_HerenciaMultinivel", "Ejercicio14_HerenciaMultinivel\Ejercicio14_HerenciaMultinivel.csproj", "{AF94B2CF-3A12-4C28-BCAE-BC370B470070}"
EndProject
Global
	GlobalSection(SolutionConfigurationPlatforms) = preSolution
		Debug|Any CPU = Debug|Any CPU
		Release|Any CPU = Release|Any CPU
	EndGlobalSection
	GlobalSection(ProjectConfigurationPlatforms) = postSolution
		{AF94B2CF-3A12-4C28-BCAE-BC370B470070}.Debug|Any CPU.ActiveCfg = Debug|Any CPU
		{AF94B2CF-3A12-4C28-BCAE-BC370B470070}.Debug|Any CPU.Build.0 = Debug|Any CPU
		{AF94B2CF-3A12-4C28-BCAE-BC370B470070}.Release|Any CPU.ActiveCfg = Release|Any CPU
		{AF94B2CF-3A12-4C28-BCAE-BC370B470070}.Release|Any CPU.Build.0 = Release|Any CPU
	EndGlobalSection
	GlobalSection(SolutionProperties) = preSolution
		HideSolutionNode = FALSE
	EndGlobalSection
	GlobalSection(ExtensibilityGlobals) = postSolution
		SolutionGuid = {F387C958-DB96-411B-B329-5ACB84FC6EED}
	EndGlobalSection
EndGlobal
