
Microsoft Visual Studio Solution File, Format Version 12.00
# Visual Studio Version 17
VisualStudioVersion = 17.14.36401.2 d17.14
MinimumVisualStudioVersion = 10.0.40219.1
Project("{FAE04EC0-301F-11D3-BF4B-00C04F79EFBC}") = "Ejercicio22_MenuRestaurante", "Ejercicio22_MenuRestaurante\Ejercicio22_MenuRestaurante.csproj", "{A5E6050A-4B7F-4E9B-9116-409CC30E4972}"
EndProject
Global
	GlobalSection(SolutionConfigurationPlatforms) = preSolution
		Debug|Any CPU = Debug|Any CPU
		Release|Any CPU = Release|Any CPU
	EndGlobalSection
	GlobalSection(ProjectConfigurationPlatforms) = postSolution
		{A5E6050A-4B7F-4E9B-9116-409CC30E4972}.Debug|Any CPU.ActiveCfg = Debug|Any CPU
		{A5E6050A-4B7F-4E9B-9116-409CC30E4972}.Debug|Any CPU.Build.0 = Debug|Any CPU
		{A5E6050A-4B7F-4E9B-9116-409CC30E4972}.Release|Any CPU.ActiveCfg = Release|Any CPU
		{A5E6050A-4B7F-4E9B-9116-409CC30E4972}.Release|Any CPU.Build.0 = Release|Any CPU
	EndGlobalSection
	GlobalSection(SolutionProperties) = preSolution
		HideSolutionNode = FALSE
	EndGlobalSection
	GlobalSection(ExtensibilityGlobals) = postSolution
		SolutionGuid = {68715C31-7C0E-4346-A960-4F04434AE11D}
	EndGlobalSection
EndGlobal
