
Microsoft Visual Studio Solution File, Format Version 12.00
# Visual Studio Version 17
VisualStudioVersion = 17.14.36401.2 d17.14
MinimumVisualStudioVersion = 10.0.40219.1
Project("{FAE04EC0-301F-11D3-BF4B-00C04F79EFBC}") = "Ejercicio12_ConstructoresEncadenados", "Ejercicio12_ConstructoresEncadenados\Ejercicio12_ConstructoresEncadenados.csproj", "{B1675315-A663-4230-8CD5-E9B331DDA46D}"
EndProject
Global
	GlobalSection(SolutionConfigurationPlatforms) = preSolution
		Debug|Any CPU = Debug|Any CPU
		Release|Any CPU = Release|Any CPU
	EndGlobalSection
	GlobalSection(ProjectConfigurationPlatforms) = postSolution
		{B1675315-A663-4230-8CD5-E9B331DDA46D}.Debug|Any CPU.ActiveCfg = Debug|Any CPU
		{B1675315-A663-4230-8CD5-E9B331DDA46D}.Debug|Any CPU.Build.0 = Debug|Any CPU
		{B1675315-A663-4230-8CD5-E9B331DDA46D}.Release|Any CPU.ActiveCfg = Release|Any CPU
		{B1675315-A663-4230-8CD5-E9B331DDA46D}.Release|Any CPU.Build.0 = Release|Any CPU
	EndGlobalSection
	GlobalSection(SolutionProperties) = preSolution
		HideSolutionNode = FALSE
	EndGlobalSection
	GlobalSection(ExtensibilityGlobals) = postSolution
		SolutionGuid = {95E7847B-29FA-4C99-A35D-EA2F7B4F81D8}
	EndGlobalSection
EndGlobal
