
Microsoft Visual Studio Solution File, Format Version 12.00
# Visual Studio Version 17
VisualStudioVersion = 17.14.36401.2 d17.14
MinimumVisualStudioVersion = 10.0.40219.1
Project("{FAE04EC0-301F-11D3-BF4B-00C04F79EFBC}") = "Ejercicio16_SobrescrituraVirtualOverride", "Ejercicio16_SobrescrituraVirtualOverride\Ejercicio16_SobrescrituraVirtualOverride.csproj", "{A2C25DAA-F750-4E80-B2EF-B926ECE9CCDB}"
EndProject
Global
	GlobalSection(SolutionConfigurationPlatforms) = preSolution
		Debug|Any CPU = Debug|Any CPU
		Release|Any CPU = Release|Any CPU
	EndGlobalSection
	GlobalSection(ProjectConfigurationPlatforms) = postSolution
		{A2C25DAA-F750-4E80-B2EF-B926ECE9CCDB}.Debug|Any CPU.ActiveCfg = Debug|Any CPU
		{A2C25DAA-F750-4E80-B2EF-B926ECE9CCDB}.Debug|Any CPU.Build.0 = Debug|Any CPU
		{A2C25DAA-F750-4E80-B2EF-B926ECE9CCDB}.Release|Any CPU.ActiveCfg = Release|Any CPU
		{A2C25DAA-F750-4E80-B2EF-B926ECE9CCDB}.Release|Any CPU.Build.0 = Release|Any CPU
	EndGlobalSection
	GlobalSection(SolutionProperties) = preSolution
		HideSolutionNode = FALSE
	EndGlobalSection
	GlobalSection(ExtensibilityGlobals) = postSolution
		SolutionGuid = {8E8BD586-49FB-4DEB-8BD0-8EF93F124A1D}
	EndGlobalSection
EndGlobal
